{
  "version": 4,
  "terraform_version": "1.3.3",
  "serial": 238,
  "lineage": "955ebf9e-e075-976c-09be-93ac532f1dde",
  "outputs": {
    "public_ip_address": {
      "value": "exp-vm: 40.122.150.68",
      "type": "string"
    }
  },
  "resources": [
    {
      "mode": "data",
      "type": "azurerm_public_ip",
      "name": "exp-ip-data",
      "provider": "provider[\"registry.terraform.io/hashicorp/azurerm\"]",
      "instances": [
        {
          "schema_version": 0,
          "attributes": {
            "allocation_method": "Dynamic",
            "domain_name_label": "",
            "fqdn": "",
            "id": "/subscriptions/0f080122-8675-4fec-816d-734d9ea35737/resourceGroups/Expedition-rg/providers/Microsoft.Network/publicIPAddresses/expedition-ip",
            "idle_timeout_in_minutes": 4,
            "ip_address": "40.122.150.68",
            "ip_tags": {},
            "ip_version": "IPv4",
            "location": "centralus",
            "name": "expedition-ip",
            "resource_group_name": "Expedition-rg",
            "reverse_fqdn": "",
            "sku": "Basic",
            "tags": {
              "environment": "dev"
            },
            "timeouts": null,
            "zones": []
          },
          "sensitive_attributes": []
        }
      ]
    },
    {
      "mode": "managed",
      "type": "azurerm_linux_virtual_machine",
      "name": "exp-vm",
      "provider": "provider[\"registry.terraform.io/hashicorp/azurerm\"]",
      "instances": [
        {
          "schema_version": 0,
          "attributes": {
            "additional_capabilities": [],
            "admin_password": null,
            "admin_ssh_key": [
              {
                "public_key": "ssh-rsa AAAAB3NzaC1yc2EAAAADAQABAAABgQC66LViHLmQga2BDRi4oG+a3BfIo1nlAjWZnLa+Vs3g8uHm7KcHrhxy5NeO4Ot/B+RXD0AEO4hYDAHC2idn/2fQ7aZQqWeLjBsNzjyW+Zm5m/dycp5/bs5NdBO3EcimbH4TY/9Klp54sqqDduRXmcg+Vv74/rSCP+aTUFGgH5H/8faRjKDlyQXqCSs5Czr7YvgzBrtddxrvwgqSF0eBgPs6SnShLIfWjY00g3hrI6T+g79j7M7wFKZrdEafe5+IvMjs8VP4iu4Z4p4LI8wOMK3cU8NKN/wN0UkYjZvuiMPgoTDPsO5t3p1K69OiWmjnmpupgoo6cIUanklxujsYEc8yW5HMDGlUaubSvV3V+YcBZHqzBCJRYD5IWdH5uuRzAYUSTHJyEioeej+zXN/CyrdGUnP8XZlTQfN9k73dglJ2lE2QJJ/XsXFGgT+WYZHmhwzQb0s4t/zrQt2KaCvnY/hL/E4SwBLvF21SiDF0vkIhH38OLgC+8kAyoOqKW+hlvdE= nuance\\tyler.hudson@RO-THUDSON-10\r\n",
                "username": "adminuser"
              }
            ],
            "admin_username": "adminuser",
            "allow_extension_operations": true,
            "availability_set_id": "",
            "boot_diagnostics": [],
            "capacity_reservation_group_id": "",
            "computer_name": "exp-vm",
            "custom_data": "IyEvYmluL2Jhc2gNCnN1ZG8gYXB0LWdldCB1cGRhdGUgLXkgJiYNCnN1ZG8gYXB0LWdldCBpbnN0YWxsIC15IFwNCmFwdC10cmFuc3BvcnQtaHR0cHMgXA0KY2EtY2VydGlmaWNhdGVzIFwNCmN1cmwgXA0KZ251cGctYWdlbnQgXA0Kc29mdHdhcmUtcHJvcGVydGllcy1jb21tb24gJiYNCmN1cmwgLWZzU0wgaHR0cHM6Ly9kb3dubG9hZC5kb2NrZXIuY29tL2xpbnV4L3VidW50dS9ncGcgfCBzdWRvIGFwdC1rZXkgYWRkIC0gJiYNCnN1ZG8gYWRkLWFwdC1yZXBvc2l0b3J5ICJkZWIgW2FyY2g9YW1kNjRdIGh0dHBzOi8vZG93bmxvYWQuZG9ja2VyLmNvbS9saW51eC91YnVudHUgJChsc2JfcmVsZWFzZSAtY3MpIHN0YWJsZSIgJiYNCnN1ZG8gYXB0LWdldCB1cGRhdGUgLXkgJiYNCnN1ZG8gc3VkbyBhcHQtZ2V0IGluc3RhbGwgZG9ja2VyLWNlIGRvY2tlci1jZS1jbGkgY29udGFpbmVyZC5pbyAteSAmJg0Kc3VkbyB1c2VybW9kIC1hRyBkb2NrZXIgdWJ1bnR1",
            "dedicated_host_group_id": "",
            "dedicated_host_id": "",
            "disable_password_authentication": true,
            "edge_zone": "",
            "encryption_at_host_enabled": false,
            "eviction_policy": "",
            "extensions_time_budget": "PT1H30M",
            "gallery_application": [],
            "id": "/subscriptions/0f080122-8675-4fec-816d-734d9ea35737/resourceGroups/Expedition-rg/providers/Microsoft.Compute/virtualMachines/exp-vm",
            "identity": [],
            "license_type": "",
            "location": "centralus",
            "max_bid_price": -1,
            "name": "exp-vm",
            "network_interface_ids": [
              "/subscriptions/0f080122-8675-4fec-816d-734d9ea35737/resourceGroups/Expedition-rg/providers/Microsoft.Network/networkInterfaces/exp-nic"
            ],
            "os_disk": [
              {
                "caching": "ReadWrite",
                "diff_disk_settings": [],
                "disk_encryption_set_id": "",
                "disk_size_gb": 30,
                "name": "exp-vm_OsDisk_1_b6cc2b5b560f42e39e9100602135c3d8",
                "secure_vm_disk_encryption_set_id": "",
                "security_encryption_type": "",
                "storage_account_type": "Standard_LRS",
                "write_accelerator_enabled": false
              }
            ],
            "patch_assessment_mode": "ImageDefault",
            "patch_mode": "ImageDefault",
            "plan": [],
            "platform_fault_domain": -1,
            "priority": "Regular",
            "private_ip_address": "10.123.1.4",
            "private_ip_addresses": [
              "10.123.1.4"
            ],
            "provision_vm_agent": true,
            "proximity_placement_group_id": "",
            "public_ip_address": "40.122.150.68",
            "public_ip_addresses": [
              "40.122.150.68"
            ],
            "resource_group_name": "Expedition-rg",
            "secret": [],
            "secure_boot_enabled": false,
            "size": "Standard_DS1",
            "source_image_id": "",
            "source_image_reference": [
              {
                "offer": "UbuntuServer",
                "publisher": "Canonical",
                "sku": "18.04-LTS",
                "version": "latest"
              }
            ],
            "tags": {
              "environment": "dev"
            },
            "termination_notification": [],
            "timeouts": null,
            "user_data": "",
            "virtual_machine_id": "8b9ebf17-ee83-49a2-9722-5bbe5fb4257e",
            "virtual_machine_scale_set_id": "",
            "vtpm_enabled": false,
            "zone": ""
          },
          "sensitive_attributes": [],
          "private": "eyJlMmJmYjczMC1lY2FhLTExZTYtOGY4OC0zNDM2M2JjN2M0YzAiOnsiY3JlYXRlIjoyNzAwMDAwMDAwMDAwLCJkZWxldGUiOjI3MDAwMDAwMDAwMDAsInJlYWQiOjMwMDAwMDAwMDAwMCwidXBkYXRlIjoyNzAwMDAwMDAwMDAwfX0=",
          "dependencies": [
            "azurerm_network_interface.exp-nic",
            "azurerm_public_ip.expedition-ip",
            "azurerm_resource_group.Expedition-rg",
            "azurerm_subnet.expedition-subnet-1",
            "azurerm_virtual_network.expedition-vnet"
          ]
        }
      ]
    },
    {
      "mode": "managed",
      "type": "azurerm_network_interface",
      "name": "exp-nic",
      "provider": "provider[\"registry.terraform.io/hashicorp/azurerm\"]",
      "instances": [
        {
          "schema_version": 0,
          "attributes": {
            "applied_dns_servers": [],
            "dns_servers": [],
            "edge_zone": "",
            "enable_accelerated_networking": false,
            "enable_ip_forwarding": false,
            "id": "/subscriptions/0f080122-8675-4fec-816d-734d9ea35737/resourceGroups/Expedition-rg/providers/Microsoft.Network/networkInterfaces/exp-nic",
            "internal_dns_name_label": "",
            "internal_domain_name_suffix": "bpqfumrstbqenliwenzi3rmbzb.gx.internal.cloudapp.net",
            "ip_configuration": [
              {
                "gateway_load_balancer_frontend_ip_configuration_id": "",
                "name": "internal",
                "primary": true,
                "private_ip_address": "10.123.1.4",
                "private_ip_address_allocation": "Dynamic",
                "private_ip_address_version": "IPv4",
                "public_ip_address_id": "/subscriptions/0f080122-8675-4fec-816d-734d9ea35737/resourceGroups/Expedition-rg/providers/Microsoft.Network/publicIPAddresses/expedition-ip",
                "subnet_id": "/subscriptions/0f080122-8675-4fec-816d-734d9ea35737/resourceGroups/Expedition-rg/providers/Microsoft.Network/virtualNetworks/expedition-network/subnets/expedition-subnet-1"
              }
            ],
            "location": "centralus",
            "mac_address": "00-22-48-48-A6-2E",
            "name": "exp-nic",
            "private_ip_address": "10.123.1.4",
            "private_ip_addresses": [
              "10.123.1.4"
            ],
            "resource_group_name": "Expedition-rg",
            "tags": {
              "environment": "dev"
            },
            "timeouts": null,
            "virtual_machine_id": "/subscriptions/0f080122-8675-4fec-816d-734d9ea35737/resourceGroups/Expedition-rg/providers/Microsoft.Compute/virtualMachines/exp-vm"
          },
          "sensitive_attributes": [],
          "private": "eyJlMmJmYjczMC1lY2FhLTExZTYtOGY4OC0zNDM2M2JjN2M0YzAiOnsiY3JlYXRlIjoxODAwMDAwMDAwMDAwLCJkZWxldGUiOjE4MDAwMDAwMDAwMDAsInJlYWQiOjMwMDAwMDAwMDAwMCwidXBkYXRlIjoxODAwMDAwMDAwMDAwfX0=",
          "dependencies": [
            "azurerm_public_ip.expedition-ip",
            "azurerm_resource_group.Expedition-rg",
            "azurerm_subnet.expedition-subnet-1",
            "azurerm_virtual_network.expedition-vnet"
          ]
        }
      ]
    },
    {
      "mode": "managed",
      "type": "azurerm_network_security_group",
      "name": "expedition-sg",
      "provider": "provider[\"registry.terraform.io/hashicorp/azurerm\"]",
      "instances": [
        {
          "schema_version": 0,
          "attributes": {
            "id": "/subscriptions/0f080122-8675-4fec-816d-734d9ea35737/resourceGroups/Expedition-rg/providers/Microsoft.Network/networkSecurityGroups/expedition-sg",
            "location": "centralus",
            "name": "expedition-sg",
            "resource_group_name": "Expedition-rg",
            "security_rule": [
              {
                "access": "Allow",
                "description": "",
                "destination_address_prefix": "*",
                "destination_address_prefixes": [],
                "destination_application_security_group_ids": [],
                "destination_port_range": "*",
                "destination_port_ranges": [],
                "direction": "Inbound",
                "name": "expedition-dev-rule",
                "priority": 100,
                "protocol": "*",
                "source_address_prefix": "75.226.209.154",
                "source_address_prefixes": [],
                "source_application_security_group_ids": [],
                "source_port_range": "*",
                "source_port_ranges": []
              }
            ],
            "tags": {
              "environment": "dev"
            },
            "timeouts": null
          },
          "sensitive_attributes": [],
          "private": "eyJlMmJmYjczMC1lY2FhLTExZTYtOGY4OC0zNDM2M2JjN2M0YzAiOnsiY3JlYXRlIjoxODAwMDAwMDAwMDAwLCJkZWxldGUiOjE4MDAwMDAwMDAwMDAsInJlYWQiOjMwMDAwMDAwMDAwMCwidXBkYXRlIjoxODAwMDAwMDAwMDAwfX0=",
          "dependencies": [
            "azurerm_resource_group.Expedition-rg"
          ]
        }
      ]
    },
    {
      "mode": "managed",
      "type": "azurerm_network_security_rule",
      "name": "expedition-dev-rule",
      "provider": "provider[\"registry.terraform.io/hashicorp/azurerm\"]",
      "instances": [
        {
          "schema_version": 0,
          "attributes": {
            "access": "Allow",
            "description": "",
            "destination_address_prefix": "*",
            "destination_address_prefixes": [],
            "destination_application_security_group_ids": [],
            "destination_port_range": "*",
            "destination_port_ranges": [],
            "direction": "Inbound",
            "id": "/subscriptions/0f080122-8675-4fec-816d-734d9ea35737/resourceGroups/Expedition-rg/providers/Microsoft.Network/networkSecurityGroups/expedition-sg/securityRules/expedition-dev-rule",
            "name": "expedition-dev-rule",
            "network_security_group_name": "expedition-sg",
            "priority": 100,
            "protocol": "*",
            "resource_group_name": "Expedition-rg",
            "source_address_prefix": "75.226.209.154",
            "source_address_prefixes": [],
            "source_application_security_group_ids": [],
            "source_port_range": "*",
            "source_port_ranges": [],
            "timeouts": null
          },
          "sensitive_attributes": [],
          "private": "eyJlMmJmYjczMC1lY2FhLTExZTYtOGY4OC0zNDM2M2JjN2M0YzAiOnsiY3JlYXRlIjoxODAwMDAwMDAwMDAwLCJkZWxldGUiOjE4MDAwMDAwMDAwMDAsInJlYWQiOjMwMDAwMDAwMDAwMCwidXBkYXRlIjoxODAwMDAwMDAwMDAwfX0=",
          "dependencies": [
            "azurerm_network_security_group.expedition-sg",
            "azurerm_resource_group.Expedition-rg"
          ]
        }
      ]
    },
    {
      "mode": "managed",
      "type": "azurerm_public_ip",
      "name": "expedition-ip",
      "provider": "provider[\"registry.terraform.io/hashicorp/azurerm\"]",
      "instances": [
        {
          "schema_version": 0,
          "attributes": {
            "allocation_method": "Dynamic",
            "domain_name_label": null,
            "edge_zone": "",
            "fqdn": null,
            "id": "/subscriptions/0f080122-8675-4fec-816d-734d9ea35737/resourceGroups/Expedition-rg/providers/Microsoft.Network/publicIPAddresses/expedition-ip",
            "idle_timeout_in_minutes": 4,
            "ip_address": "40.122.150.68",
            "ip_tags": {},
            "ip_version": "IPv4",
            "location": "centralus",
            "name": "expedition-ip",
            "public_ip_prefix_id": null,
            "resource_group_name": "Expedition-rg",
            "reverse_fqdn": null,
            "sku": "Basic",
            "sku_tier": "Regional",
            "tags": {
              "environment": "dev"
            },
            "timeouts": null,
            "zones": []
          },
          "sensitive_attributes": [],
          "private": "eyJlMmJmYjczMC1lY2FhLTExZTYtOGY4OC0zNDM2M2JjN2M0YzAiOnsiY3JlYXRlIjoxODAwMDAwMDAwMDAwLCJkZWxldGUiOjE4MDAwMDAwMDAwMDAsInJlYWQiOjMwMDAwMDAwMDAwMCwidXBkYXRlIjoxODAwMDAwMDAwMDAwfX0=",
          "dependencies": [
            "azurerm_resource_group.Expedition-rg"
          ]
        }
      ]
    },
    {
      "mode": "managed",
      "type": "azurerm_resource_group",
      "name": "Expedition-rg",
      "provider": "provider[\"registry.terraform.io/hashicorp/azurerm\"]",
      "instances": [
        {
          "schema_version": 0,
          "attributes": {
            "id": "/subscriptions/0f080122-8675-4fec-816d-734d9ea35737/resourceGroups/Expedition-rg",
            "location": "centralus",
            "name": "Expedition-rg",
            "tags": {
              "environment": "dev"
            },
            "timeouts": null
          },
          "sensitive_attributes": [],
          "private": "eyJlMmJmYjczMC1lY2FhLTExZTYtOGY4OC0zNDM2M2JjN2M0YzAiOnsiY3JlYXRlIjo1NDAwMDAwMDAwMDAwLCJkZWxldGUiOjU0MDAwMDAwMDAwMDAsInJlYWQiOjMwMDAwMDAwMDAwMCwidXBkYXRlIjo1NDAwMDAwMDAwMDAwfX0="
        }
      ]
    },
    {
      "mode": "managed",
      "type": "azurerm_subnet",
      "name": "expedition-subnet-1",
      "provider": "provider[\"registry.terraform.io/hashicorp/azurerm\"]",
      "instances": [
        {
          "schema_version": 0,
          "attributes": {
            "address_prefixes": [
              "10.123.1.0/24"
            ],
            "delegation": [],
            "enforce_private_link_endpoint_network_policies": false,
            "enforce_private_link_service_network_policies": false,
            "id": "/subscriptions/0f080122-8675-4fec-816d-734d9ea35737/resourceGroups/Expedition-rg/providers/Microsoft.Network/virtualNetworks/expedition-network/subnets/expedition-subnet-1",
            "name": "expedition-subnet-1",
            "private_endpoint_network_policies_enabled": true,
            "private_link_service_network_policies_enabled": true,
            "resource_group_name": "Expedition-rg",
            "service_endpoint_policy_ids": [],
            "service_endpoints": [],
            "timeouts": null,
            "virtual_network_name": "expedition-network"
          },
          "sensitive_attributes": [],
          "private": "eyJlMmJmYjczMC1lY2FhLTExZTYtOGY4OC0zNDM2M2JjN2M0YzAiOnsiY3JlYXRlIjoxODAwMDAwMDAwMDAwLCJkZWxldGUiOjE4MDAwMDAwMDAwMDAsInJlYWQiOjMwMDAwMDAwMDAwMCwidXBkYXRlIjoxODAwMDAwMDAwMDAwfX0=",
          "dependencies": [
            "azurerm_resource_group.Expedition-rg",
            "azurerm_virtual_network.expedition-vnet"
          ]
        }
      ]
    },
    {
      "mode": "managed",
      "type": "azurerm_subnet_network_security_group_association",
      "name": "subnetassociation",
      "provider": "provider[\"registry.terraform.io/hashicorp/azurerm\"]",
      "instances": [
        {
          "schema_version": 0,
          "attributes": {
            "id": "/subscriptions/0f080122-8675-4fec-816d-734d9ea35737/resourceGroups/Expedition-rg/providers/Microsoft.Network/virtualNetworks/expedition-network/subnets/expedition-subnet-1",
            "network_security_group_id": "/subscriptions/0f080122-8675-4fec-816d-734d9ea35737/resourceGroups/Expedition-rg/providers/Microsoft.Network/networkSecurityGroups/expedition-sg",
            "subnet_id": "/subscriptions/0f080122-8675-4fec-816d-734d9ea35737/resourceGroups/Expedition-rg/providers/Microsoft.Network/virtualNetworks/expedition-network/subnets/expedition-subnet-1",
            "timeouts": null
          },
          "sensitive_attributes": [],
          "private": "eyJlMmJmYjczMC1lY2FhLTExZTYtOGY4OC0zNDM2M2JjN2M0YzAiOnsiY3JlYXRlIjoxODAwMDAwMDAwMDAwLCJkZWxldGUiOjE4MDAwMDAwMDAwMDAsInJlYWQiOjMwMDAwMDAwMDAwMCwidXBkYXRlIjoxODAwMDAwMDAwMDAwfX0=",
          "dependencies": [
            "azurerm_network_security_group.expedition-sg",
            "azurerm_resource_group.Expedition-rg",
            "azurerm_subnet.expedition-subnet-1",
            "azurerm_virtual_network.expedition-vnet"
          ]
        }
      ]
    },
    {
      "mode": "managed",
      "type": "azurerm_virtual_network",
      "name": "expedition-vnet",
      "provider": "provider[\"registry.terraform.io/hashicorp/azurerm\"]",
      "instances": [
        {
          "schema_version": 0,
          "attributes": {
            "address_space": [
              "10.123.0.0/16"
            ],
            "bgp_community": "",
            "ddos_protection_plan": [],
            "dns_servers": [],
            "edge_zone": "",
            "flow_timeout_in_minutes": 0,
            "guid": "325ae00b-9832-4660-ad16-23728ec581c9",
            "id": "/subscriptions/0f080122-8675-4fec-816d-734d9ea35737/resourceGroups/Expedition-rg/providers/Microsoft.Network/virtualNetworks/expedition-network",
            "location": "centralus",
            "name": "expedition-network",
            "resource_group_name": "Expedition-rg",
            "subnet": [
              {
                "address_prefix": "10.123.1.0/24",
                "id": "/subscriptions/0f080122-8675-4fec-816d-734d9ea35737/resourceGroups/Expedition-rg/providers/Microsoft.Network/virtualNetworks/expedition-network/subnets/expedition-subnet-1",
                "name": "expedition-subnet-1",
                "security_group": "/subscriptions/0f080122-8675-4fec-816d-734d9ea35737/resourceGroups/Expedition-rg/providers/Microsoft.Network/networkSecurityGroups/expedition-sg"
              }
            ],
            "tags": {
              "environment": "dev"
            },
            "timeouts": null
          },
          "sensitive_attributes": [],
          "private": "eyJlMmJmYjczMC1lY2FhLTExZTYtOGY4OC0zNDM2M2JjN2M0YzAiOnsiY3JlYXRlIjoxODAwMDAwMDAwMDAwLCJkZWxldGUiOjE4MDAwMDAwMDAwMDAsInJlYWQiOjMwMDAwMDAwMDAwMCwidXBkYXRlIjoxODAwMDAwMDAwMDAwfX0=",
          "dependencies": [
            "azurerm_resource_group.Expedition-rg"
          ]
        }
      ]
    }
  ],
  "check_results": []
}
